# THIS IS AN AUTOGENERATED FILE. DO NOT EDIT THIS FILE DIRECTLY.
# yarn lockfile v1


requirejs@^2.3.7:
  version "2.3.7"
  resolved "https://registry.yarnpkg.com/requirejs/-/requirejs-2.3.7.tgz#0b22032e51a967900e0ae9f32762c23a87036bd0"
  integrity sha512-DouTG8T1WanGok6Qjg2SXuCMzszOo0eHeH9hDZ5Y4x8Je+9JB38HdTLT4/VA8OaUhBa0JPVHJ0pyBkM1z+pDsw==
